
Microsoft Visual Studio Solution File, Format Version 12.00
# Visual Studio Version 16
VisualStudioVersion = 16.0.31515.178
MinimumVisualStudioVersion = 10.0.40219.1
Project("{FAE04EC0-301F-11D3-BF4B-00C04F79EFBC}") = "MovieApp.Entities", "MovieApp.Entities\MovieApp.Entities.csproj", "{09D4C9AE-8A36-4735-99FE-0868F2A6C00A}"
EndProject
Project("{FAE04EC0-301F-11D3-BF4B-00C04F79EFBC}") = "MovieApp.Data", "MovieApp.Data\MovieApp.Data.csproj", "{7DEB8A51-F61D-427A-89C1-91853E85CCA0}"
EndProject
Project("{FAE04EC0-301F-11D3-BF4B-00C04F79EFBC}") = "MovieApp.Service", "MovieApp.Service\MovieApp.Service.csproj", "{06C36D8B-8987-466E-8DBE-B13532F4B9BF}"
EndProject
Project("{FAE04EC0-301F-11D3-BF4B-00C04F79EFBC}") = "MovieApp.Shared", "MovieApp.Shared\MovieApp.Shared.csproj", "{388AE398-3918-4432-9B59-3A32113BCC20}"
EndProject
Project("{FAE04EC0-301F-11D3-BF4B-00C04F79EFBC}") = "MovieApp.Mvc", "MovieApp.Mvc\MovieApp.Mvc.csproj", "{14E1B2C0-E385-411B-8E15-CED88140EB7A}"
EndProject
Global
	GlobalSection(SolutionConfigurationPlatforms) = preSolution
		Debug|Any CPU = Debug|Any CPU
		Release|Any CPU = Release|Any CPU
	EndGlobalSection
	GlobalSection(ProjectConfigurationPlatforms) = postSolution
		{09D4C9AE-8A36-4735-99FE-0868F2A6C00A}.Debug|Any CPU.ActiveCfg = Debug|Any CPU
		{09D4C9AE-8A36-4735-99FE-0868F2A6C00A}.Debug|Any CPU.Build.0 = Debug|Any CPU
		{09D4C9AE-8A36-4735-99FE-0868F2A6C00A}.Release|Any CPU.ActiveCfg = Release|Any CPU
		{09D4C9AE-8A36-4735-99FE-0868F2A6C00A}.Release|Any CPU.Build.0 = Release|Any CPU
		{7DEB8A51-F61D-427A-89C1-91853E85CCA0}.Debug|Any CPU.ActiveCfg = Debug|Any CPU
		{7DEB8A51-F61D-427A-89C1-91853E85CCA0}.Debug|Any CPU.Build.0 = Debug|Any CPU
		{7DEB8A51-F61D-427A-89C1-91853E85CCA0}.Release|Any CPU.ActiveCfg = Release|Any CPU
		{7DEB8A51-F61D-427A-89C1-91853E85CCA0}.Release|Any CPU.Build.0 = Release|Any CPU
		{06C36D8B-8987-466E-8DBE-B13532F4B9BF}.Debug|Any CPU.ActiveCfg = Debug|Any CPU
		{06C36D8B-8987-466E-8DBE-B13532F4B9BF}.Debug|Any CPU.Build.0 = Debug|Any CPU
		{06C36D8B-8987-466E-8DBE-B13532F4B9BF}.Release|Any CPU.ActiveCfg = Release|Any CPU
		{06C36D8B-8987-466E-8DBE-B13532F4B9BF}.Release|Any CPU.Build.0 = Release|Any CPU
		{388AE398-3918-4432-9B59-3A32113BCC20}.Debug|Any CPU.ActiveCfg = Debug|Any CPU
		{388AE398-3918-4432-9B59-3A32113BCC20}.Debug|Any CPU.Build.0 = Debug|Any CPU
		{388AE398-3918-4432-9B59-3A32113BCC20}.Release|Any CPU.ActiveCfg = Release|Any CPU
		{388AE398-3918-4432-9B59-3A32113BCC20}.Release|Any CPU.Build.0 = Release|Any CPU
		{14E1B2C0-E385-411B-8E15-CED88140EB7A}.Debug|Any CPU.ActiveCfg = Debug|Any CPU
		{14E1B2C0-E385-411B-8E15-CED88140EB7A}.Debug|Any CPU.Build.0 = Debug|Any CPU
		{14E1B2C0-E385-411B-8E15-CED88140EB7A}.Release|Any CPU.ActiveCfg = Release|Any CPU
		{14E1B2C0-E385-411B-8E15-CED88140EB7A}.Release|Any CPU.Build.0 = Release|Any CPU
	EndGlobalSection
	GlobalSection(SolutionProperties) = preSolution
		HideSolutionNode = FALSE
	EndGlobalSection
	GlobalSection(ExtensibilityGlobals) = postSolution
		SolutionGuid = {E98D9657-8FCF-429E-A9A7-E2BCEA366094}
	EndGlobalSection
EndGlobal
